
Microsoft Visual Studio Solution File, Format Version 12.00
# Visual Studio Version 17
VisualStudioVersion = 17.13.35818.85 d17.13
MinimumVisualStudioVersion = 10.0.40219.1
Project("{FAE04EC0-301F-11D3-BF4B-00C04F79EFBC}") = "ConsoleApp1", "ConsoleApp1.csproj", "{360140E9-84B2-469D-BA33-D6A8A76D002D}"
EndProject
Project("{FAE04EC0-301F-11D3-BF4B-00C04F79EFBC}") = "ConsoleApp2", "..\ConsoleApp2\ConsoleApp2.csproj", "{F526260F-1550-4087-BCDB-015107FD9183}"
EndProject
Global
	GlobalSection(SolutionConfigurationPlatforms) = preSolution
		Debug|Any CPU = Debug|Any CPU
		Release|Any CPU = Release|Any CPU
	EndGlobalSection
	GlobalSection(ProjectConfigurationPlatforms) = postSolution
		{360140E9-84B2-469D-BA33-D6A8A76D002D}.Debug|Any CPU.ActiveCfg = Debug|Any CPU
		{360140E9-84B2-469D-BA33-D6A8A76D002D}.Debug|Any CPU.Build.0 = Debug|Any CPU
		{360140E9-84B2-469D-BA33-D6A8A76D002D}.Release|Any CPU.ActiveCfg = Release|Any CPU
		{360140E9-84B2-469D-BA33-D6A8A76D002D}.Release|Any CPU.Build.0 = Release|Any CPU
		{F526260F-1550-4087-BCDB-015107FD9183}.Debug|Any CPU.ActiveCfg = Debug|Any CPU
		{F526260F-1550-4087-BCDB-015107FD9183}.Debug|Any CPU.Build.0 = Debug|Any CPU
		{F526260F-1550-4087-BCDB-015107FD9183}.Release|Any CPU.ActiveCfg = Release|Any CPU
		{F526260F-1550-4087-BCDB-015107FD9183}.Release|Any CPU.Build.0 = Release|Any CPU
	EndGlobalSection
	GlobalSection(SolutionProperties) = preSolution
		HideSolutionNode = FALSE
	EndGlobalSection
	GlobalSection(ExtensibilityGlobals) = postSolution
		SolutionGuid = {A1525B91-7C97-449A-A439-150CBE566C8D}
	EndGlobalSection
EndGlobal
