
Microsoft Visual Studio Solution File, Format Version 12.00
# Visual Studio Version 17
VisualStudioVersion = 17.13.35818.85 d17.13
MinimumVisualStudioVersion = 10.0.40219.1
Project("{FAE04EC0-301F-11D3-BF4B-00C04F79EFBC}") = "WinFormsApp1", "WinFormsApp1.csproj", "{4E037949-5747-40C9-B148-B8B5B1DA00FF}"
EndProject
Global
	GlobalSection(SolutionConfigurationPlatforms) = preSolution
		Debug|Any CPU = Debug|Any CPU
		Release|Any CPU = Release|Any CPU
	EndGlobalSection
	GlobalSection(ProjectConfigurationPlatforms) = postSolution
		{4E037949-5747-40C9-B148-B8B5B1DA00FF}.Debug|Any CPU.ActiveCfg = Debug|Any CPU
		{4E037949-5747-40C9-B148-B8B5B1DA00FF}.Debug|Any CPU.Build.0 = Debug|Any CPU
		{4E037949-5747-40C9-B148-B8B5B1DA00FF}.Release|Any CPU.ActiveCfg = Release|Any CPU
		{4E037949-5747-40C9-B148-B8B5B1DA00FF}.Release|Any CPU.Build.0 = Release|Any CPU
	EndGlobalSection
	GlobalSection(SolutionProperties) = preSolution
		HideSolutionNode = FALSE
	EndGlobalSection
	GlobalSection(ExtensibilityGlobals) = postSolution
		SolutionGuid = {4D7043DA-53F3-4AD5-95AB-7AD5B88BC8E4}
	EndGlobalSection
EndGlobal
